<?xml version="1.0" encoding="utf-8"?>
<Project ToolsVersion="4.0" xmlns="http://schemas.microsoft.com/developer/msbuild/2003">
  <ItemGroup>
    <ClCompile Include="Controller.cpp" />
    <ClCompile Include="Factory.cpp" />
    <ClCompile Include="Processor.cpp" />
    <ClCompile Include="..\..\..\vst3sdk\base\source\baseiids.cpp">
      <Filter>VST Source</Filter>
    </ClCompile>
    <ClCompile Include="..\..\..\vst3sdk\pluginterfaces\base\conststringtable.cpp">
      <Filter>VST Source</Filter>
    </ClCompile>
    <ClCompile Include="..\..\..\vst3sdk\pluginterfaces\base\coreiids.cpp">
      <Filter>VST Source</Filter>
    </ClCompile>
    <ClCompile Include="..\..\..\vst3sdk\public.sdk\source\main\dllmain.cpp">
      <Filter>VST Source</Filter>
    </ClCompile>
    <ClCompile Include="..\..\..\vst3sdk\base\source\fbuffer.cpp">
      <Filter>VST Source</Filter>
    </ClCompile>
    <ClCompile Include="..\..\..\vst3sdk\base\thread\source\fcondition.cpp">
      <Filter>VST Source</Filter>
    </ClCompile>
    <ClCompile Include="..\..\..\vst3sdk\base\source\fdebug.cpp">
      <Filter>VST Source</Filter>
    </ClCompile>
    <ClCompile Include="..\..\..\vst3sdk\base\source\fdynlib.cpp">
      <Filter>VST Source</Filter>
    </ClCompile>
    <ClCompile Include="..\..\..\vst3sdk\base\thread\source\flock.cpp">
      <Filter>VST Source</Filter>
    </ClCompile>
    <ClCompile Include="..\..\..\vst3sdk\base\source\fobject.cpp">
      <Filter>VST Source</Filter>
    </ClCompile>
    <ClCompile Include="..\..\..\vst3sdk\base\source\fstreamer.cpp">
      <Filter>VST Source</Filter>
    </ClCompile>
    <ClCompile Include="..\..\..\vst3sdk\base\source\fstring.cpp">
      <Filter>VST Source</Filter>
    </ClCompile>
    <ClCompile Include="..\..\..\vst3sdk\pluginterfaces\base\funknown.cpp">
      <Filter>VST Source</Filter>
    </ClCompile>
    <ClCompile Include="..\..\..\vst3sdk\public.sdk\source\common\memorystream.cpp">
      <Filter>VST Source</Filter>
    </ClCompile>
    <ClCompile Include="..\..\..\vst3sdk\public.sdk\source\main\pluginfactoryvst3.cpp">
      <Filter>VST Source</Filter>
    </ClCompile>
    <ClCompile Include="..\..\..\vst3sdk\public.sdk\source\common\pluginview.cpp">
      <Filter>VST Source</Filter>
    </ClCompile>
    <ClCompile Include="..\..\..\vst3sdk\base\source\timer.cpp">
      <Filter>VST Source</Filter>
    </ClCompile>
    <ClCompile Include="..\..\..\vst3sdk\base\source\updatehandler.cpp">
      <Filter>VST Source</Filter>
    </ClCompile>
    <ClCompile Include="..\..\..\vst3sdk\pluginterfaces\base\ustring.cpp">
      <Filter>VST Source</Filter>
    </ClCompile>
    <ClCompile Include="..\..\..\vst3sdk\public.sdk\source\vst3stdsdk.cpp">
      <Filter>VST Source</Filter>
    </ClCompile>
    <ClCompile Include="..\..\..\vst3sdk\public.sdk\source\vst\vstguieditor.cpp">
      <Filter>VST Source</Filter>
    </ClCompile>
    <ClCompile Include="..\..\..\vst3sdk\public.sdk\source\vst\vstinitiids.cpp">
      <Filter>VST Source</Filter>
    </ClCompile>
    <ClCompile Include="..\..\..\vst3sdk\vstgui4\vstgui\vstgui_uidescription_win32.cpp">
      <Filter>VSTGUI Source</Filter>
    </ClCompile>
    <ClCompile Include="..\..\..\vst3sdk\vstgui4\vstgui\vstgui_win32.cpp">
      <Filter>VSTGUI Source</Filter>
    </ClCompile>
    <ClCompile Include="..\..\..\vst3sdk\vstgui4\vstgui\plugin-bindings\vst3editor.cpp">
      <Filter>VSTGUI Source</Filter>
    </ClCompile>
    <ClCompile Include="Editor.cpp" />
  </ItemGroup>
  <ItemGroup>
    <ClInclude Include="Controller.h" />
    <ClInclude Include="Factory.h" />
    <ClInclude Include="Processor.h" />
    <ClInclude Include="resource.h" />
    <ClInclude Include="Editor.h" />
    <ClInclude Include="resource1.h" />
    <ClInclude Include="resource2.h" />
    <ClInclude Include="resource3.h" />
    <ClInclude Include="resource4.h" />
    <ClInclude Include="resource5.h" />
  </ItemGroup>
  <ItemGroup>
    <None Include="vst3.def" />
    <None Include="data1.bin" />
  </ItemGroup>
  <ItemGroup>
    <Filter Include="VST Source">
      <UniqueIdentifier>{fd1bacfd-dddb-4e21-a441-6ffa13f47823}</UniqueIdentifier>
    </Filter>
    <Filter Include="VSTGUI Source">
      <UniqueIdentifier>{655e03f6-d651-4be8-9282-43ee92db3553}</UniqueIdentifier>
    </Filter>
    <Filter Include="Resources">
      <UniqueIdentifier>{b24fb611-59de-4fed-a4d2-e1e16584942f}</UniqueIdentifier>
    </Filter>
  </ItemGroup>
  <ItemGroup>
    <ResourceCompile Include="resource\VSTGUI Test 1.rc">
      <Filter>Resources</Filter>
    </ResourceCompile>
  </ItemGroup>
  <ItemGroup>
    <Image Include="resource\background.png">
      <Filter>Resources</Filter>
    </Image>
    <Image Include="resource\KnobBackground.png">
      <Filter>Resources</Filter>
    </Image>
    <Image Include="resource\KnobHandle.png">
      <Filter>Resources</Filter>
    </Image>
  </ItemGroup>
</Project>